
Microsoft Visual Studio Solution File, Format Version 12.00
Project("{FAE04EC0-301F-11D3-BF4B-00C04F79EFBC}") = "AdventOfCode2024", "AdventOfCode2024\AdventOfCode2024.csproj", "{8E1674E8-7D46-4259-A62C-2A31EC67323A}"
EndProject
Project("{FAE04EC0-301F-11D3-BF4B-00C04F79EFBC}") = "AdventOfCode2024.Tests", "AdventOfCode2024.Tests\AdventOfCode2024.Tests.csproj", "{FD239FCC-0738-4348-B974-A12FBD8C02A0}"
EndProject
Global
	GlobalSection(SolutionConfigurationPlatforms) = preSolution
		Debug|Any CPU = Debug|Any CPU
		Release|Any CPU = Release|Any CPU
	EndGlobalSection
	GlobalSection(ProjectConfigurationPlatforms) = postSolution
		{8E1674E8-7D46-4259-A62C-2A31EC67323A}.Debug|Any CPU.ActiveCfg = Debug|Any CPU
		{8E1674E8-7D46-4259-A62C-2A31EC67323A}.Debug|Any CPU.Build.0 = Debug|Any CPU
		{8E1674E8-7D46-4259-A62C-2A31EC67323A}.Release|Any CPU.ActiveCfg = Release|Any CPU
		{8E1674E8-7D46-4259-A62C-2A31EC67323A}.Release|Any CPU.Build.0 = Release|Any CPU
		{FD239FCC-0738-4348-B974-A12FBD8C02A0}.Debug|Any CPU.ActiveCfg = Debug|Any CPU
		{FD239FCC-0738-4348-B974-A12FBD8C02A0}.Debug|Any CPU.Build.0 = Debug|Any CPU
		{FD239FCC-0738-4348-B974-A12FBD8C02A0}.Release|Any CPU.ActiveCfg = Release|Any CPU
		{FD239FCC-0738-4348-B974-A12FBD8C02A0}.Release|Any CPU.Build.0 = Release|Any CPU
	EndGlobalSection
EndGlobal
